
Microsoft Visual Studio Solution File, Format Version 12.00
# Visual Studio Version 17
VisualStudioVersion = 17.12.35424.110
MinimumVisualStudioVersion = 10.0.40219.1
Project("{FAE04EC0-301F-11D3-BF4B-00C04F79EFBC}") = "SchoolManagerWeb", "SchoolManagerWeb\SchoolManagerWeb\SchoolManagerWeb.csproj", "{6E33FB15-3640-4B33-9D1F-581BB3DF46BF}"
EndProject
Project("{FAE04EC0-301F-11D3-BF4B-00C04F79EFBC}") = "SchoolManagerWeb.Client", "SchoolManagerWeb\SchoolManagerWeb.Client\SchoolManagerWeb.Client.csproj", "{041D5AA9-D44E-4E13-BA7E-F39269A713B6}"
EndProject
Project("{FAE04EC0-301F-11D3-BF4B-00C04F79EFBC}") = "SchoolManagerAPI", "SchoolManagerAPI\SchoolManagerAPI.csproj", "{04CFF55C-B402-499C-82E2-D40C98B0B44D}"
EndProject
Project("{FAE04EC0-301F-11D3-BF4B-00C04F79EFBC}") = "SchoolManagerModel", "SchoolManagerModel\SchoolManagerModel\SchoolManagerModel.csproj", "{632AEB90-AEA6-4967-BF8A-2C5E75ECD364}"
EndProject
Project("{FAE04EC0-301F-11D3-BF4B-00C04F79EFBC}") = "SchoolManagerTests", "SchoolManagerModel\SchoolManagerTests\SchoolManagerTests.csproj", "{5ADB1C3C-231D-44C3-9F17-64619BB39459}"
EndProject
Project("{E53339B2-1760-4266-BCC7-CA923CBCF16C}") = "docker-compose", "docker-compose.dcproj", "{81DDED9D-158B-E303-5F62-77A2896D2A5A}"
EndProject
Global
	GlobalSection(SolutionConfigurationPlatforms) = preSolution
		Debug|Any CPU = Debug|Any CPU
		Release|Any CPU = Release|Any CPU
	EndGlobalSection
	GlobalSection(ProjectConfigurationPlatforms) = postSolution
		{6E33FB15-3640-4B33-9D1F-581BB3DF46BF}.Debug|Any CPU.ActiveCfg = Debug|Any CPU
		{6E33FB15-3640-4B33-9D1F-581BB3DF46BF}.Debug|Any CPU.Build.0 = Debug|Any CPU
		{6E33FB15-3640-4B33-9D1F-581BB3DF46BF}.Release|Any CPU.ActiveCfg = Release|Any CPU
		{6E33FB15-3640-4B33-9D1F-581BB3DF46BF}.Release|Any CPU.Build.0 = Release|Any CPU
		{041D5AA9-D44E-4E13-BA7E-F39269A713B6}.Debug|Any CPU.ActiveCfg = Debug|Any CPU
		{041D5AA9-D44E-4E13-BA7E-F39269A713B6}.Debug|Any CPU.Build.0 = Debug|Any CPU
		{041D5AA9-D44E-4E13-BA7E-F39269A713B6}.Release|Any CPU.ActiveCfg = Release|Any CPU
		{041D5AA9-D44E-4E13-BA7E-F39269A713B6}.Release|Any CPU.Build.0 = Release|Any CPU
		{04CFF55C-B402-499C-82E2-D40C98B0B44D}.Debug|Any CPU.ActiveCfg = Debug|Any CPU
		{04CFF55C-B402-499C-82E2-D40C98B0B44D}.Debug|Any CPU.Build.0 = Debug|Any CPU
		{04CFF55C-B402-499C-82E2-D40C98B0B44D}.Release|Any CPU.ActiveCfg = Release|Any CPU
		{04CFF55C-B402-499C-82E2-D40C98B0B44D}.Release|Any CPU.Build.0 = Release|Any CPU
		{632AEB90-AEA6-4967-BF8A-2C5E75ECD364}.Debug|Any CPU.ActiveCfg = Debug|Any CPU
		{632AEB90-AEA6-4967-BF8A-2C5E75ECD364}.Debug|Any CPU.Build.0 = Debug|Any CPU
		{632AEB90-AEA6-4967-BF8A-2C5E75ECD364}.Release|Any CPU.ActiveCfg = Release|Any CPU
		{632AEB90-AEA6-4967-BF8A-2C5E75ECD364}.Release|Any CPU.Build.0 = Release|Any CPU
		{5ADB1C3C-231D-44C3-9F17-64619BB39459}.Debug|Any CPU.ActiveCfg = Debug|Any CPU
		{5ADB1C3C-231D-44C3-9F17-64619BB39459}.Debug|Any CPU.Build.0 = Debug|Any CPU
		{5ADB1C3C-231D-44C3-9F17-64619BB39459}.Release|Any CPU.ActiveCfg = Release|Any CPU
		{5ADB1C3C-231D-44C3-9F17-64619BB39459}.Release|Any CPU.Build.0 = Release|Any CPU
		{81DDED9D-158B-E303-5F62-77A2896D2A5A}.Debug|Any CPU.ActiveCfg = Debug|Any CPU
		{81DDED9D-158B-E303-5F62-77A2896D2A5A}.Debug|Any CPU.Build.0 = Debug|Any CPU
		{81DDED9D-158B-E303-5F62-77A2896D2A5A}.Release|Any CPU.ActiveCfg = Release|Any CPU
		{81DDED9D-158B-E303-5F62-77A2896D2A5A}.Release|Any CPU.Build.0 = Release|Any CPU
	EndGlobalSection
	GlobalSection(SolutionProperties) = preSolution
		HideSolutionNode = FALSE
	EndGlobalSection
	GlobalSection(ExtensibilityGlobals) = postSolution
		SolutionGuid = {59E339D7-8722-4058-B86C-E4EB5C24FA0D}
	EndGlobalSection
EndGlobal
